
Microsoft Visual Studio Solution File, Format Version 12.00
# Visual Studio Version 17
VisualStudioVersion = 17.10.34607.79
MinimumVisualStudioVersion = 10.0.40219.1
Project("{FAE04EC0-301F-11D3-BF4B-00C04F79EFBC}") = "DotNet8.ConsoleAppChatMessageUsingMediatrPattern", "DotNet8.ConsoleAppChatMessageUsingMediatrPattern\DotNet8.ConsoleAppChatMessageUsingMediatrPattern.csproj", "{7AE61000-4B91-4D43-8749-929DAD26C771}"
EndProject
Global
	GlobalSection(SolutionConfigurationPlatforms) = preSolution
		Debug|Any CPU = Debug|Any CPU
		Release|Any CPU = Release|Any CPU
	EndGlobalSection
	GlobalSection(ProjectConfigurationPlatforms) = postSolution
		{7AE61000-4B91-4D43-8749-929DAD26C771}.Debug|Any CPU.ActiveCfg = Debug|Any CPU
		{7AE61000-4B91-4D43-8749-929DAD26C771}.Debug|Any CPU.Build.0 = Debug|Any CPU
		{7AE61000-4B91-4D43-8749-929DAD26C771}.Release|Any CPU.ActiveCfg = Release|Any CPU
		{7AE61000-4B91-4D43-8749-929DAD26C771}.Release|Any CPU.Build.0 = Release|Any CPU
	EndGlobalSection
	GlobalSection(SolutionProperties) = preSolution
		HideSolutionNode = FALSE
	EndGlobalSection
	GlobalSection(ExtensibilityGlobals) = postSolution
		SolutionGuid = {BCEDB502-2FB0-4D9D-9388-5A66C3AC9A25}
	EndGlobalSection
EndGlobal
